
Microsoft Visual Studio Solution File, Format Version 12.00
# Visual Studio 15
VisualStudioVersion = 15.0.27703.2035
MinimumVisualStudioVersion = 10.0.40219.1
Project("{FAE04EC0-301F-11D3-BF4B-00C04F79EFBC}") = "MagicPaste.AndroidClient", "MagicPaste.AndroidClient\MagicPaste.AndroidClient.csproj", "{636D0877-1EE5-4EC0-B592-3C6F61A099ED}"
EndProject
Global
	GlobalSection(SolutionConfigurationPlatforms) = preSolution
		Debug|Any CPU = Debug|Any CPU
		Release|Any CPU = Release|Any CPU
	EndGlobalSection
	GlobalSection(ProjectConfigurationPlatforms) = postSolution
		{636D0877-1EE5-4EC0-B592-3C6F61A099ED}.Debug|Any CPU.ActiveCfg = Debug|Any CPU
		{636D0877-1EE5-4EC0-B592-3C6F61A099ED}.Debug|Any CPU.Build.0 = Debug|Any CPU
		{636D0877-1EE5-4EC0-B592-3C6F61A099ED}.Debug|Any CPU.Deploy.0 = Debug|Any CPU
		{636D0877-1EE5-4EC0-B592-3C6F61A099ED}.Release|Any CPU.ActiveCfg = Release|Any CPU
		{636D0877-1EE5-4EC0-B592-3C6F61A099ED}.Release|Any CPU.Build.0 = Release|Any CPU
		{636D0877-1EE5-4EC0-B592-3C6F61A099ED}.Release|Any CPU.Deploy.0 = Release|Any CPU
	EndGlobalSection
	GlobalSection(SolutionProperties) = preSolution
		HideSolutionNode = FALSE
	EndGlobalSection
	GlobalSection(ExtensibilityGlobals) = postSolution
		SolutionGuid = {69E78821-CD6B-4D26-B8CF-0D75706AB34F}
	EndGlobalSection
EndGlobal
